<Solution>
  <Folder Name="/src/">
    <Project Path="src/Pokemanager.App/Pokemanager.App.csproj" />
    <Project Path="src/Pokemanager.Bridge/Pokemanager.Bridge.csproj" />
    <Project Path="src/Pokemanager.Formats/Pokemanager.Formats.csproj" />
    <Project Path="src/Pokemanager.Model/Pokemanager.Model.csproj" />
    <Project Path="src/Pokemanager.Multiplayer/Pokemanager.Multiplayer.csproj" />
    <Project Path="src/Pokemanager.Randomizer/Pokemanager.Randomizer.csproj" />
    <Project Path="src/Pokemanager.Save/Pokemanager.Save.csproj" />
  </Folder>
  <Folder Name="/tests/">
    <Project Path="tests/Pokemanager.Tests/Pokemanager.Tests.csproj" />
  </Folder>
</Solution>
